// !$*UTF8*$!
{
	archiveVersion = 1;
	classes = {
	};
	objectVersion = 46;
	objects = {

/* Begin PBXBuildFile section */
		6547A95A1BA1A98C0090CAD0 /* ViewController.m in Sources */ = {isa = PBXBuildFile; fileRef = 6547A9591BA1A98C0090CAD0 /* ViewController.m */; };
		6547A95D1BA1A9950090CAD0 /* Main.storyboard in Resources */ = {isa = PBXBuildFile; fileRef = 6547A95B1BA1A9950090CAD0 /* Main.storyboard */; };
		6547A9601BA1A9EB0090CAD0 /* PDPieceDiaryView.m in Sources */ = {isa = PBXBuildFile; fileRef = 6547A95F1BA1A9EB0090CAD0 /* PDPieceDiaryView.m */; };
		6547A9621BA1AA130090CAD0 /* PDPieceDiaryView.xib in Resources */ = {isa = PBXBuildFile; fileRef = 6547A9611BA1AA130090CAD0 /* PDPieceDiaryView.xib */; };
		6547A9671BA1C2590090CAD0 /* PDPieceCell.m in Sources */ = {isa = PBXBuildFile; fileRef = 6547A9651BA1C2590090CAD0 /* PDPieceCell.m */; };
		6547A9681BA1C2590090CAD0 /* PDPieceCell.xib in Resources */ = {isa = PBXBuildFile; fileRef = 6547A9661BA1C2590090CAD0 /* PDPieceCell.xib */; };
		6547A96B1BA1D7440090CAD0 /* PDIconsView.m in Sources */ = {isa = PBXBuildFile; fileRef = 6547A96A1BA1D7440090CAD0 /* PDIconsView.m */; };
		6547A96D1BA1D7520090CAD0 /* PDIconsView.xib in Resources */ = {isa = PBXBuildFile; fileRef = 6547A96C1BA1D7520090CAD0 /* PDIconsView.xib */; };
		6547A9701BA1E0690090CAD0 /* 1.jpg in Resources */ = {isa = PBXBuildFile; fileRef = 6547A96F1BA1E0690090CAD0 /* 1.jpg */; };
		654CC7681BA07840002DF0C9 /* main.m in Sources */ = {isa = PBXBuildFile; fileRef = 654CC7671BA07840002DF0C9 /* main.m */; };
		654CC76B1BA07840002DF0C9 /* AppDelegate.m in Sources */ = {isa = PBXBuildFile; fileRef = 654CC76A1BA07840002DF0C9 /* AppDelegate.m */; };
		654CC7731BA07840002DF0C9 /* Images.xcassets in Resources */ = {isa = PBXBuildFile; fileRef = 654CC7721BA07840002DF0C9 /* Images.xcassets */; };
		654CC7761BA07840002DF0C9 /* LaunchScreen.xib in Resources */ = {isa = PBXBuildFile; fileRef = 654CC7741BA07840002DF0C9 /* LaunchScreen.xib */; };
		654CC7821BA07840002DF0C9 /* PieceDiaryTests.m in Sources */ = {isa = PBXBuildFile; fileRef = 654CC7811BA07840002DF0C9 /* PieceDiaryTests.m */; };
		654CC7931BA07987002DF0C9 /* PDPiecesViewController.m in Sources */ = {isa = PBXBuildFile; fileRef = 654CC7921BA07987002DF0C9 /* PDPiecesViewController.m */; };
		654CC7971BA08473002DF0C9 /* PDDateCellView.m in Sources */ = {isa = PBXBuildFile; fileRef = 654CC7961BA08473002DF0C9 /* PDDateCellView.m */; };
		654CC7991BA0848A002DF0C9 /* PDDateCellView.xib in Resources */ = {isa = PBXBuildFile; fileRef = 654CC7981BA0848A002DF0C9 /* PDDateCellView.xib */; };
		658166941BA28CA0003E7FA5 /* PDSettingView.m in Sources */ = {isa = PBXBuildFile; fileRef = 658166931BA28CA0003E7FA5 /* PDSettingView.m */; };
		658166971BA28D3B003E7FA5 /* PDIconSettingView.m in Sources */ = {isa = PBXBuildFile; fileRef = 658166961BA28D3B003E7FA5 /* PDIconSettingView.m */; };
		658166991BA28D52003E7FA5 /* PDIconSettingView.xib in Resources */ = {isa = PBXBuildFile; fileRef = 658166981BA28D52003E7FA5 /* PDIconSettingView.xib */; };
		659BDCE71BA67E0E0000D561 /* weather.jpg in Resources */ = {isa = PBXBuildFile; fileRef = 659BDCE61BA67E0E0000D561 /* weather.jpg */; };
		659BDCE91BA67E710000D561 /* mood.jpg in Resources */ = {isa = PBXBuildFile; fileRef = 659BDCE81BA67E710000D561 /* mood.jpg */; };
		659BDCED1BA698090000D561 /* PDRecordViewController.m in Sources */ = {isa = PBXBuildFile; fileRef = 659BDCEC1BA698090000D561 /* PDRecordViewController.m */; };
		659BDCF01BA6A1C90000D561 /* PDRecordWeather.m in Sources */ = {isa = PBXBuildFile; fileRef = 659BDCEF1BA6A1C90000D561 /* PDRecordWeather.m */; };
		659BDCF31BA6A4C60000D561 /* PDRecordMood.m in Sources */ = {isa = PBXBuildFile; fileRef = 659BDCF21BA6A4C60000D561 /* PDRecordMood.m */; };
		659BDCF81BA6A6AD0000D561 /* PDRecordDateView.m in Sources */ = {isa = PBXBuildFile; fileRef = 659BDCF71BA6A6AD0000D561 /* PDRecordDateView.m */; };
		659BDCFA1BA6A7A80000D561 /* PDRecordDateView.xib in Resources */ = {isa = PBXBuildFile; fileRef = 659BDCF91BA6A7A80000D561 /* PDRecordDateView.xib */; };
		659BDCFC1BA6AAD50000D561 /* PDSettingView.xib in Resources */ = {isa = PBXBuildFile; fileRef = 659BDCFB1BA6AAD50000D561 /* PDSettingView.xib */; };
/* End PBXBuildFile section */

/* Begin PBXContainerItemProxy section */
		654CC77C1BA07840002DF0C9 /* PBXContainerItemProxy */ = {
			isa = PBXContainerItemProxy;
			containerPortal = 654CC75A1BA07840002DF0C9 /* Project object */;
			proxyType = 1;
			remoteGlobalIDString = 654CC7611BA07840002DF0C9;
			remoteInfo = PieceDiary;
		};
/* End PBXContainerItemProxy section */

/* Begin PBXFileReference section */
		6547A9581BA1A98C0090CAD0 /* ViewController.h */ = {isa = PBXFileReference; fileEncoding = 4; lastKnownFileType = sourcecode.c.h; path = ViewController.h; sourceTree = "<group>"; };
		6547A9591BA1A98C0090CAD0 /* ViewController.m */ = {isa = PBXFileReference; fileEncoding = 4; lastKnownFileType = sourcecode.c.objc; path = ViewController.m; sourceTree = "<group>"; };
		6547A95C1BA1A9950090CAD0 /* Base */ = {isa = PBXFileReference; lastKnownFileType = file.storyboard; name = Base; path = Base.lproj/Main.storyboard; sourceTree = "<group>"; };
		6547A95E1BA1A9EB0090CAD0 /* PDPieceDiaryView.h */ = {isa = PBXFileReference; fileEncoding = 4; lastKnownFileType = sourcecode.c.h; path = PDPieceDiaryView.h; sourceTree = "<group>"; };
		6547A95F1BA1A9EB0090CAD0 /* PDPieceDiaryView.m */ = {isa = PBXFileReference; fileEncoding = 4; lastKnownFileType = sourcecode.c.objc; path = PDPieceDiaryView.m; sourceTree = "<group>"; };
		6547A9611BA1AA130090CAD0 /* PDPieceDiaryView.xib */ = {isa = PBXFileReference; fileEncoding = 4; lastKnownFileType = file.xib; path = PDPieceDiaryView.xib; sourceTree = "<group>"; };
		6547A9641BA1C2590090CAD0 /* PDPieceCell.h */ = {isa = PBXFileReference; fileEncoding = 4; lastKnownFileType = sourcecode.c.h; path = PDPieceCell.h; sourceTree = "<group>"; };
		6547A9651BA1C2590090CAD0 /* PDPieceCell.m */ = {isa = PBXFileReference; fileEncoding = 4; lastKnownFileType = sourcecode.c.objc; path = PDPieceCell.m; sourceTree = "<group>"; };
		6547A9661BA1C2590090CAD0 /* PDPieceCell.xib */ = {isa = PBXFileReference; fileEncoding = 4; lastKnownFileType = file.xib; path = PDPieceCell.xib; sourceTree = "<group>"; };
		6547A9691BA1D7440090CAD0 /* PDIconsView.h */ = {isa = PBXFileReference; fileEncoding = 4; lastKnownFileType = sourcecode.c.h; path = PDIconsView.h; sourceTree = "<group>"; };
		6547A96A1BA1D7440090CAD0 /* PDIconsView.m */ = {isa = PBXFileReference; fileEncoding = 4; lastKnownFileType = sourcecode.c.objc; path = PDIconsView.m; sourceTree = "<group>"; };
		6547A96C1BA1D7520090CAD0 /* PDIconsView.xib */ = {isa = PBXFileReference; fileEncoding = 4; lastKnownFileType = file.xib; path = PDIconsView.xib; sourceTree = "<group>"; };
		6547A96F1BA1E0690090CAD0 /* 1.jpg */ = {isa = PBXFileReference; lastKnownFileType = image.jpeg; name = 1.jpg; path = ../1.jpg; sourceTree = "<group>"; };
		654CC7621BA07840002DF0C9 /* PieceDiary.app */ = {isa = PBXFileReference; explicitFileType = wrapper.application; includeInIndex = 0; path = PieceDiary.app; sourceTree = BUILT_PRODUCTS_DIR; };
		654CC7661BA07840002DF0C9 /* Info.plist */ = {isa = PBXFileReference; lastKnownFileType = text.plist.xml; path = Info.plist; sourceTree = "<group>"; };
		654CC7671BA07840002DF0C9 /* main.m */ = {isa = PBXFileReference; lastKnownFileType = sourcecode.c.objc; path = main.m; sourceTree = "<group>"; };
		654CC7691BA07840002DF0C9 /* AppDelegate.h */ = {isa = PBXFileReference; lastKnownFileType = sourcecode.c.h; path = AppDelegate.h; sourceTree = "<group>"; };
		654CC76A1BA07840002DF0C9 /* AppDelegate.m */ = {isa = PBXFileReference; lastKnownFileType = sourcecode.c.objc; path = AppDelegate.m; sourceTree = "<group>"; };
		654CC7721BA07840002DF0C9 /* Images.xcassets */ = {isa = PBXFileReference; lastKnownFileType = folder.assetcatalog; path = Images.xcassets; sourceTree = "<group>"; };
		654CC7751BA07840002DF0C9 /* Base */ = {isa = PBXFileReference; lastKnownFileType = file.xib; name = Base; path = Base.lproj/LaunchScreen.xib; sourceTree = "<group>"; };
		654CC77B1BA07840002DF0C9 /* PieceDiaryTests.xctest */ = {isa = PBXFileReference; explicitFileType = wrapper.cfbundle; includeInIndex = 0; path = PieceDiaryTests.xctest; sourceTree = BUILT_PRODUCTS_DIR; };
		654CC7801BA07840002DF0C9 /* Info.plist */ = {isa = PBXFileReference; lastKnownFileType = text.plist.xml; path = Info.plist; sourceTree = "<group>"; };
		654CC7811BA07840002DF0C9 /* PieceDiaryTests.m */ = {isa = PBXFileReference; lastKnownFileType = sourcecode.c.objc; path = PieceDiaryTests.m; sourceTree = "<group>"; };
		654CC7911BA07987002DF0C9 /* PDPiecesViewController.h */ = {isa = PBXFileReference; fileEncoding = 4; lastKnownFileType = sourcecode.c.h; path = PDPiecesViewController.h; sourceTree = "<group>"; };
		654CC7921BA07987002DF0C9 /* PDPiecesViewController.m */ = {isa = PBXFileReference; fileEncoding = 4; lastKnownFileType = sourcecode.c.objc; path = PDPiecesViewController.m; sourceTree = "<group>"; };
		654CC7951BA08473002DF0C9 /* PDDateCellView.h */ = {isa = PBXFileReference; fileEncoding = 4; lastKnownFileType = sourcecode.c.h; path = PDDateCellView.h; sourceTree = "<group>"; };
		654CC7961BA08473002DF0C9 /* PDDateCellView.m */ = {isa = PBXFileReference; fileEncoding = 4; lastKnownFileType = sourcecode.c.objc; path = PDDateCellView.m; sourceTree = "<group>"; };
		654CC7981BA0848A002DF0C9 /* PDDateCellView.xib */ = {isa = PBXFileReference; fileEncoding = 4; lastKnownFileType = file.xib; path = PDDateCellView.xib; sourceTree = "<group>"; };
		658166921BA28CA0003E7FA5 /* PDSettingView.h */ = {isa = PBXFileReference; fileEncoding = 4; lastKnownFileType = sourcecode.c.h; path = PDSettingView.h; sourceTree = "<group>"; };
		658166931BA28CA0003E7FA5 /* PDSettingView.m */ = {isa = PBXFileReference; fileEncoding = 4; lastKnownFileType = sourcecode.c.objc; path = PDSettingView.m; sourceTree = "<group>"; };
		658166951BA28D3B003E7FA5 /* PDIconSettingView.h */ = {isa = PBXFileReference; fileEncoding = 4; lastKnownFileType = sourcecode.c.h; name = PDIconSettingView.h; path = ../PDIconSettingView.h; sourceTree = "<group>"; };
		658166961BA28D3B003E7FA5 /* PDIconSettingView.m */ = {isa = PBXFileReference; fileEncoding = 4; lastKnownFileType = sourcecode.c.objc; name = PDIconSettingView.m; path = ../PDIconSettingView.m; sourceTree = "<group>"; };
		658166981BA28D52003E7FA5 /* PDIconSettingView.xib */ = {isa = PBXFileReference; fileEncoding = 4; lastKnownFileType = file.xib; name = PDIconSettingView.xib; path = ../PDIconSettingView.xib; sourceTree = "<group>"; };
		659BDCE61BA67E0E0000D561 /* weather.jpg */ = {isa = PBXFileReference; lastKnownFileType = image.jpeg; path = weather.jpg; sourceTree = "<group>"; };
		659BDCE81BA67E710000D561 /* mood.jpg */ = {isa = PBXFileReference; lastKnownFileType = image.jpeg; path = mood.jpg; sourceTree = "<group>"; };
		659BDCEA1BA696250000D561 /* PDDefine.h */ = {isa = PBXFileReference; lastKnownFileType = sourcecode.c.h; path = PDDefine.h; sourceTree = "<group>"; };
		659BDCEB1BA698090000D561 /* PDRecordViewController.h */ = {isa = PBXFileReference; fileEncoding = 4; lastKnownFileType = sourcecode.c.h; path = PDRecordViewController.h; sourceTree = "<group>"; };
		659BDCEC1BA698090000D561 /* PDRecordViewController.m */ = {isa = PBXFileReference; fileEncoding = 4; lastKnownFileType = sourcecode.c.objc; path = PDRecordViewController.m; sourceTree = "<group>"; };
		659BDCEE1BA6A1C90000D561 /* PDRecordWeather.h */ = {isa = PBXFileReference; fileEncoding = 4; lastKnownFileType = sourcecode.c.h; name = PDRecordWeather.h; path = ../PDRecordWeather.h; sourceTree = "<group>"; };
		659BDCEF1BA6A1C90000D561 /* PDRecordWeather.m */ = {isa = PBXFileReference; fileEncoding = 4; lastKnownFileType = sourcecode.c.objc; name = PDRecordWeather.m; path = ../PDRecordWeather.m; sourceTree = "<group>"; };
		659BDCF11BA6A4C60000D561 /* PDRecordMood.h */ = {isa = PBXFileReference; fileEncoding = 4; lastKnownFileType = sourcecode.c.h; name = PDRecordMood.h; path = ../PDRecordMood.h; sourceTree = "<group>"; };
		659BDCF21BA6A4C60000D561 /* PDRecordMood.m */ = {isa = PBXFileReference; fileEncoding = 4; lastKnownFileType = sourcecode.c.objc; name = PDRecordMood.m; path = ../PDRecordMood.m; sourceTree = "<group>"; };
		659BDCF61BA6A6AD0000D561 /* PDRecordDateView.h */ = {isa = PBXFileReference; fileEncoding = 4; lastKnownFileType = sourcecode.c.h; path = PDRecordDateView.h; sourceTree = "<group>"; };
		659BDCF71BA6A6AD0000D561 /* PDRecordDateView.m */ = {isa = PBXFileReference; fileEncoding = 4; lastKnownFileType = sourcecode.c.objc; path = PDRecordDateView.m; sourceTree = "<group>"; };
		659BDCF91BA6A7A80000D561 /* PDRecordDateView.xib */ = {isa = PBXFileReference; fileEncoding = 4; lastKnownFileType = file.xib; path = PDRecordDateView.xib; sourceTree = "<group>"; };
		659BDCFB1BA6AAD50000D561 /* PDSettingView.xib */ = {isa = PBXFileReference; fileEncoding = 4; lastKnownFileType = file.xib; path = PDSettingView.xib; sourceTree = "<group>"; };
/* End PBXFileReference section */

/* Begin PBXFrameworksBuildPhase section */
		654CC75F1BA07840002DF0C9 /* Frameworks */ = {
			isa = PBXFrameworksBuildPhase;
			buildActionMask = 2147483647;
			files = (
			);
			runOnlyForDeploymentPostprocessing = 0;
		};
		654CC7781BA07840002DF0C9 /* Frameworks */ = {
			isa = PBXFrameworksBuildPhase;
			buildActionMask = 2147483647;
			files = (
			);
			runOnlyForDeploymentPostprocessing = 0;
		};
/* End PBXFrameworksBuildPhase section */

/* Begin PBXGroup section */
		6547A9631BA1C20A0090CAD0 /* PieceCell */ = {
			isa = PBXGroup;
			children = (
				6547A9641BA1C2590090CAD0 /* PDPieceCell.h */,
				6547A9651BA1C2590090CAD0 /* PDPieceCell.m */,
				6547A9661BA1C2590090CAD0 /* PDPieceCell.xib */,
				6547A9691BA1D7440090CAD0 /* PDIconsView.h */,
				6547A96A1BA1D7440090CAD0 /* PDIconsView.m */,
				6547A96C1BA1D7520090CAD0 /* PDIconsView.xib */,
			);
			path = PieceCell;
			sourceTree = "<group>";
		};
		6547A96E1BA1E05C0090CAD0 /* UI */ = {
			isa = PBXGroup;
			children = (
				659BDCE81BA67E710000D561 /* mood.jpg */,
				6547A96F1BA1E0690090CAD0 /* 1.jpg */,
				659BDCE61BA67E0E0000D561 /* weather.jpg */,
			);
			path = UI;
			sourceTree = "<group>";
		};
		654CC7591BA07840002DF0C9 = {
			isa = PBXGroup;
			children = (
				654CC7641BA07840002DF0C9 /* PieceDiary */,
				654CC77E1BA07840002DF0C9 /* PieceDiaryTests */,
				654CC7631BA07840002DF0C9 /* Products */,
			);
			sourceTree = "<group>";
		};
		654CC7631BA07840002DF0C9 /* Products */ = {
			isa = PBXGroup;
			children = (
				654CC7621BA07840002DF0C9 /* PieceDiary.app */,
				654CC77B1BA07840002DF0C9 /* PieceDiaryTests.xctest */,
			);
			name = Products;
			sourceTree = "<group>";
		};
		654CC7641BA07840002DF0C9 /* PieceDiary */ = {
			isa = PBXGroup;
			children = (
				6547A96E1BA1E05C0090CAD0 /* UI */,
				6547A95B1BA1A9950090CAD0 /* Main.storyboard */,
				6547A9581BA1A98C0090CAD0 /* ViewController.h */,
				6547A9591BA1A98C0090CAD0 /* ViewController.m */,
				654CC7901BA07976002DF0C9 /* PiecesView */,
				654CC7691BA07840002DF0C9 /* AppDelegate.h */,
				654CC76A1BA07840002DF0C9 /* AppDelegate.m */,
				654CC7721BA07840002DF0C9 /* Images.xcassets */,
				654CC7741BA07840002DF0C9 /* LaunchScreen.xib */,
				654CC7651BA07840002DF0C9 /* Supporting Files */,
				659BDCEA1BA696250000D561 /* PDDefine.h */,
			);
			path = PieceDiary;
			sourceTree = "<group>";
		};
		654CC7651BA07840002DF0C9 /* Supporting Files */ = {
			isa = PBXGroup;
			children = (
				654CC7661BA07840002DF0C9 /* Info.plist */,
				654CC7671BA07840002DF0C9 /* main.m */,
			);
			name = "Supporting Files";
			sourceTree = "<group>";
		};
		654CC77E1BA07840002DF0C9 /* PieceDiaryTests */ = {
			isa = PBXGroup;
			children = (
				654CC7811BA07840002DF0C9 /* PieceDiaryTests.m */,
				654CC77F1BA07840002DF0C9 /* Supporting Files */,
			);
			path = PieceDiaryTests;
			sourceTree = "<group>";
		};
		654CC77F1BA07840002DF0C9 /* Supporting Files */ = {
			isa = PBXGroup;
			children = (
				654CC7801BA07840002DF0C9 /* Info.plist */,
			);
			name = "Supporting Files";
			sourceTree = "<group>";
		};
		654CC7901BA07976002DF0C9 /* PiecesView */ = {
			isa = PBXGroup;
			children = (
				658166911BA28C7C003E7FA5 /* RecordView */,
				6547A9631BA1C20A0090CAD0 /* PieceCell */,
				654CC7941BA0840C002DF0C9 /* DateCell */,
				654CC7911BA07987002DF0C9 /* PDPiecesViewController.h */,
				654CC7921BA07987002DF0C9 /* PDPiecesViewController.m */,
				6547A95E1BA1A9EB0090CAD0 /* PDPieceDiaryView.h */,
				6547A95F1BA1A9EB0090CAD0 /* PDPieceDiaryView.m */,
				6547A9611BA1AA130090CAD0 /* PDPieceDiaryView.xib */,
			);
			path = PiecesView;
			sourceTree = "<group>";
		};
		654CC7941BA0840C002DF0C9 /* DateCell */ = {
			isa = PBXGroup;
			children = (
				654CC7951BA08473002DF0C9 /* PDDateCellView.h */,
				654CC7961BA08473002DF0C9 /* PDDateCellView.m */,
				654CC7981BA0848A002DF0C9 /* PDDateCellView.xib */,
			);
			name = DateCell;
			path = dateCell;
			sourceTree = "<group>";
		};
		658166911BA28C7C003E7FA5 /* RecordView */ = {
			isa = PBXGroup;
			children = (
				659BDCF51BA6A66C0000D561 /* dateView */,
				659BDCF41BA6A6660000D561 /* iconView */,
				658166921BA28CA0003E7FA5 /* PDSettingView.h */,
				658166931BA28CA0003E7FA5 /* PDSettingView.m */,
				659BDCEB1BA698090000D561 /* PDRecordViewController.h */,
				659BDCEC1BA698090000D561 /* PDRecordViewController.m */,
				659BDCFB1BA6AAD50000D561 /* PDSettingView.xib */,
			);
			path = RecordView;
			sourceTree = "<group>";
		};
		659BDCF41BA6A6660000D561 /* iconView */ = {
			isa = PBXGroup;
			children = (
				658166951BA28D3B003E7FA5 /* PDIconSettingView.h */,
				658166961BA28D3B003E7FA5 /* PDIconSettingView.m */,
				658166981BA28D52003E7FA5 /* PDIconSettingView.xib */,
				659BDCEE1BA6A1C90000D561 /* PDRecordWeather.h */,
				659BDCEF1BA6A1C90000D561 /* PDRecordWeather.m */,
				659BDCF11BA6A4C60000D561 /* PDRecordMood.h */,
				659BDCF21BA6A4C60000D561 /* PDRecordMood.m */,
			);
			path = iconView;
			sourceTree = "<group>";
		};
		659BDCF51BA6A66C0000D561 /* dateView */ = {
			isa = PBXGroup;
			children = (
				659BDCF61BA6A6AD0000D561 /* PDRecordDateView.h */,
				659BDCF71BA6A6AD0000D561 /* PDRecordDateView.m */,
				659BDCF91BA6A7A80000D561 /* PDRecordDateView.xib */,
			);
			path = dateView;
			sourceTree = "<group>";
		};
/* End PBXGroup section */

/* Begin PBXNativeTarget section */
		654CC7611BA07840002DF0C9 /* PieceDiary */ = {
			isa = PBXNativeTarget;
			buildConfigurationList = 654CC7851BA07840002DF0C9 /* Build configuration list for PBXNativeTarget "PieceDiary" */;
			buildPhases = (
				654CC75E1BA07840002DF0C9 /* Sources */,
				654CC75F1BA07840002DF0C9 /* Frameworks */,
				654CC7601BA07840002DF0C9 /* Resources */,
			);
			buildRules = (
			);
			dependencies = (
			);
			name = PieceDiary;
			productName = PieceDiary;
			productReference = 654CC7621BA07840002DF0C9 /* PieceDiary.app */;
			productType = "com.apple.product-type.application";
		};
		654CC77A1BA07840002DF0C9 /* PieceDiaryTests */ = {
			isa = PBXNativeTarget;
			buildConfigurationList = 654CC7881BA07840002DF0C9 /* Build configuration list for PBXNativeTarget "PieceDiaryTests" */;
			buildPhases = (
				654CC7771BA07840002DF0C9 /* Sources */,
				654CC7781BA07840002DF0C9 /* Frameworks */,
				654CC7791BA07840002DF0C9 /* Resources */,
			);
			buildRules = (
			);
			dependencies = (
				654CC77D1BA07840002DF0C9 /* PBXTargetDependency */,
			);
			name = PieceDiaryTests;
			productName = PieceDiaryTests;
			productReference = 654CC77B1BA07840002DF0C9 /* PieceDiaryTests.xctest */;
			productType = "com.apple.product-type.bundle.unit-test";
		};
/* End PBXNativeTarget section */

/* Begin PBXProject section */
		654CC75A1BA07840002DF0C9 /* Project object */ = {
			isa = PBXProject;
			attributes = {
				LastUpgradeCheck = 0640;
				ORGANIZATIONNAME = msq;
				TargetAttributes = {
					654CC7611BA07840002DF0C9 = {
						CreatedOnToolsVersion = 6.4;
					};
					654CC77A1BA07840002DF0C9 = {
						CreatedOnToolsVersion = 6.4;
						TestTargetID = 654CC7611BA07840002DF0C9;
					};
				};
			};
			buildConfigurationList = 654CC75D1BA07840002DF0C9 /* Build configuration list for PBXProject "PieceDiary" */;
			compatibilityVersion = "Xcode 3.2";
			developmentRegion = English;
			hasScannedForEncodings = 0;
			knownRegions = (
				en,
				Base,
			);
			mainGroup = 654CC7591BA07840002DF0C9;
			productRefGroup = 654CC7631BA07840002DF0C9 /* Products */;
			projectDirPath = "";
			projectRoot = "";
			targets = (
				654CC7611BA07840002DF0C9 /* PieceDiary */,
				654CC77A1BA07840002DF0C9 /* PieceDiaryTests */,
			);
		};
/* End PBXProject section */

/* Begin PBXResourcesBuildPhase section */
		654CC7601BA07840002DF0C9 /* Resources */ = {
			isa = PBXResourcesBuildPhase;
			buildActionMask = 2147483647;
			files = (
				659BDCFC1BA6AAD50000D561 /* PDSettingView.xib in Resources */,
				6547A96D1BA1D7520090CAD0 /* PDIconsView.xib in Resources */,
				654CC7991BA0848A002DF0C9 /* PDDateCellView.xib in Resources */,
				6547A9621BA1AA130090CAD0 /* PDPieceDiaryView.xib in Resources */,
				658166991BA28D52003E7FA5 /* PDIconSettingView.xib in Resources */,
				659BDCE91BA67E710000D561 /* mood.jpg in Resources */,
				659BDCFA1BA6A7A80000D561 /* PDRecordDateView.xib in Resources */,
				6547A9681BA1C2590090CAD0 /* PDPieceCell.xib in Resources */,
				659BDCE71BA67E0E0000D561 /* weather.jpg in Resources */,
				654CC7761BA07840002DF0C9 /* LaunchScreen.xib in Resources */,
				6547A9701BA1E0690090CAD0 /* 1.jpg in Resources */,
				654CC7731BA07840002DF0C9 /* Images.xcassets in Resources */,
				6547A95D1BA1A9950090CAD0 /* Main.storyboard in Resources */,
			);
			runOnlyForDeploymentPostprocessing = 0;
		};
		654CC7791BA07840002DF0C9 /* Resources */ = {
			isa = PBXResourcesBuildPhase;
			buildActionMask = 2147483647;
			files = (
			);
			runOnlyForDeploymentPostprocessing = 0;
		};
/* End PBXResourcesBuildPhase section */

/* Begin PBXSourcesBuildPhase section */
		654CC75E1BA07840002DF0C9 /* Sources */ = {
			isa = PBXSourcesBuildPhase;
			buildActionMask = 2147483647;
			files = (
				654CC7971BA08473002DF0C9 /* PDDateCellView.m in Sources */,
				659BDCED1BA698090000D561 /* PDRecordViewController.m in Sources */,
				654CC76B1BA07840002DF0C9 /* AppDelegate.m in Sources */,
				654CC7681BA07840002DF0C9 /* main.m in Sources */,
				659BDCF31BA6A4C60000D561 /* PDRecordMood.m in Sources */,
				654CC7931BA07987002DF0C9 /* PDPiecesViewController.m in Sources */,
				659BDCF01BA6A1C90000D561 /* PDRecordWeather.m in Sources */,
				6547A9671BA1C2590090CAD0 /* PDPieceCell.m in Sources */,
				6547A96B1BA1D7440090CAD0 /* PDIconsView.m in Sources */,
				659BDCF81BA6A6AD0000D561 /* PDRecordDateView.m in Sources */,
				658166971BA28D3B003E7FA5 /* PDIconSettingView.m in Sources */,
				6547A95A1BA1A98C0090CAD0 /* ViewController.m in Sources */,
				6547A9601BA1A9EB0090CAD0 /* PDPieceDiaryView.m in Sources */,
				658166941BA28CA0003E7FA5 /* PDSettingView.m in Sources */,
			);
			runOnlyForDeploymentPostprocessing = 0;
		};
		654CC7771BA07840002DF0C9 /* Sources */ = {
			isa = PBXSourcesBuildPhase;
			buildActionMask = 2147483647;
			files = (
				654CC7821BA07840002DF0C9 /* PieceDiaryTests.m in Sources */,
			);
			runOnlyForDeploymentPostprocessing = 0;
		};
/* End PBXSourcesBuildPhase section */

/* Begin PBXTargetDependency section */
		654CC77D1BA07840002DF0C9 /* PBXTargetDependency */ = {
			isa = PBXTargetDependency;
			target = 654CC7611BA07840002DF0C9 /* PieceDiary */;
			targetProxy = 654CC77C1BA07840002DF0C9 /* PBXContainerItemProxy */;
		};
/* End PBXTargetDependency section */

/* Begin PBXVariantGroup section */
		6547A95B1BA1A9950090CAD0 /* Main.storyboard */ = {
			isa = PBXVariantGroup;
			children = (
				6547A95C1BA1A9950090CAD0 /* Base */,
			);
			name = Main.storyboard;
			sourceTree = "<group>";
		};
		654CC7741BA07840002DF0C9 /* LaunchScreen.xib */ = {
			isa = PBXVariantGroup;
			children = (
				654CC7751BA07840002DF0C9 /* Base */,
			);
			name = LaunchScreen.xib;
			sourceTree = "<group>";
		};
/* End PBXVariantGroup section */

/* Begin XCBuildConfiguration section */
		654CC7831BA07840002DF0C9 /* Debug */ = {
			isa = XCBuildConfiguration;
			buildSettings = {
				ALWAYS_SEARCH_USER_PATHS = NO;
				CLANG_CXX_LANGUAGE_STANDARD = "gnu++0x";
				CLANG_CXX_LIBRARY = "libc++";
				CLANG_ENABLE_MODULES = YES;
				CLANG_ENABLE_OBJC_ARC = YES;
				CLANG_WARN_BOOL_CONVERSION = YES;
				CLANG_WARN_CONSTANT_CONVERSION = YES;
				CLANG_WARN_DIRECT_OBJC_ISA_USAGE = YES_ERROR;
				CLANG_WARN_EMPTY_BODY = YES;
				CLANG_WARN_ENUM_CONVERSION = YES;
				CLANG_WARN_INT_CONVERSION = YES;
				CLANG_WARN_OBJC_ROOT_CLASS = YES_ERROR;
				CLANG_WARN_UNREACHABLE_CODE = YES;
				CLANG_WARN__DUPLICATE_METHOD_MATCH = YES;
				"CODE_SIGN_IDENTITY[sdk=iphoneos*]" = "iPhone Developer";
				COPY_PHASE_STRIP = NO;
				DEBUG_INFORMATION_FORMAT = "dwarf-with-dsym";
				ENABLE_STRICT_OBJC_MSGSEND = YES;
				GCC_C_LANGUAGE_STANDARD = gnu99;
				GCC_DYNAMIC_NO_PIC = NO;
				GCC_NO_COMMON_BLOCKS = YES;
				GCC_OPTIMIZATION_LEVEL = 0;
				GCC_PREPROCESSOR_DEFINITIONS = (
					"DEBUG=1",
					"$(inherited)",
				);
				GCC_SYMBOLS_PRIVATE_EXTERN = NO;
				GCC_WARN_64_TO_32_BIT_CONVERSION = YES;
				GCC_WARN_ABOUT_RETURN_TYPE = YES_ERROR;
				GCC_WARN_UNDECLARED_SELECTOR = YES;
				GCC_WARN_UNINITIALIZED_AUTOS = YES_AGGRESSIVE;
				GCC_WARN_UNUSED_FUNCTION = YES;
				GCC_WARN_UNUSED_VARIABLE = YES;
				IPHONEOS_DEPLOYMENT_TARGET = 8.4;
				MTL_ENABLE_DEBUG_INFO = YES;
				ONLY_ACTIVE_ARCH = YES;
				SDKROOT = iphoneos;
				TARGETED_DEVICE_FAMILY = "1,2";
			};
			name = Debug;
		};
		654CC7841BA07840002DF0C9 /* Release */ = {
			isa = XCBuildConfiguration;
			buildSettings = {
				ALWAYS_SEARCH_USER_PATHS = NO;
				CLANG_CXX_LANGUAGE_STANDARD = "gnu++0x";
				CLANG_CXX_LIBRARY = "libc++";
				CLANG_ENABLE_MODULES = YES;
				CLANG_ENABLE_OBJC_ARC = YES;
				CLANG_WARN_BOOL_CONVERSION = YES;
				CLANG_WARN_CONSTANT_CONVERSION = YES;
				CLANG_WARN_DIRECT_OBJC_ISA_USAGE = YES_ERROR;
				CLANG_WARN_EMPTY_BODY = YES;
				CLANG_WARN_ENUM_CONVERSION = YES;
				CLANG_WARN_INT_CONVERSION = YES;
				CLANG_WARN_OBJC_ROOT_CLASS = YES_ERROR;
				CLANG_WARN_UNREACHABLE_CODE = YES;
				CLANG_WARN__DUPLICATE_METHOD_MATCH = YES;
				"CODE_SIGN_IDENTITY[sdk=iphoneos*]" = "iPhone Developer";
				COPY_PHASE_STRIP = NO;
				DEBUG_INFORMATION_FORMAT = "dwarf-with-dsym";
				ENABLE_NS_ASSERTIONS = NO;
				ENABLE_STRICT_OBJC_MSGSEND = YES;
				GCC_C_LANGUAGE_STANDARD = gnu99;
				GCC_NO_COMMON_BLOCKS = YES;
				GCC_WARN_64_TO_32_BIT_CONVERSION = YES;
				GCC_WARN_ABOUT_RETURN_TYPE = YES_ERROR;
				GCC_WARN_UNDECLARED_SELECTOR = YES;
				GCC_WARN_UNINITIALIZED_AUTOS = YES_AGGRESSIVE;
				GCC_WARN_UNUSED_FUNCTION = YES;
				GCC_WARN_UNUSED_VARIABLE = YES;
				IPHONEOS_DEPLOYMENT_TARGET = 8.4;
				MTL_ENABLE_DEBUG_INFO = NO;
				SDKROOT = iphoneos;
				TARGETED_DEVICE_FAMILY = "1,2";
				VALIDATE_PRODUCT = YES;
			};
			name = Release;
		};
		654CC7861BA07840002DF0C9 /* Debug */ = {
			isa = XCBuildConfiguration;
			buildSettings = {
				ASSETCATALOG_COMPILER_APPICON_NAME = AppIcon;
				INFOPLIST_FILE = PieceDiary/Info.plist;
				LD_RUNPATH_SEARCH_PATHS = "$(inherited) @executable_path/Frameworks";
				PRODUCT_NAME = "$(TARGET_NAME)";
				TARGETED_DEVICE_FAMILY = "1,2";
			};
			name = Debug;
		};
		654CC7871BA07840002DF0C9 /* Release */ = {
			isa = XCBuildConfiguration;
			buildSettings = {
				ASSETCATALOG_COMPILER_APPICON_NAME = AppIcon;
				INFOPLIST_FILE = PieceDiary/Info.plist;
				LD_RUNPATH_SEARCH_PATHS = "$(inherited) @executable_path/Frameworks";
				PRODUCT_NAME = "$(TARGET_NAME)";
				TARGETED_DEVICE_FAMILY = "1,2";
			};
			name = Release;
		};
		654CC7891BA07840002DF0C9 /* Debug */ = {
			isa = XCBuildConfiguration;
			buildSettings = {
				BUNDLE_LOADER = "$(TEST_HOST)";
				FRAMEWORK_SEARCH_PATHS = (
					"$(SDKROOT)/Developer/Library/Frameworks",
					"$(inherited)",
				);
				GCC_PREPROCESSOR_DEFINITIONS = (
					"DEBUG=1",
					"$(inherited)",
				);
				INFOPLIST_FILE = PieceDiaryTests/Info.plist;
				LD_RUNPATH_SEARCH_PATHS = "$(inherited) @executable_path/Frameworks @loader_path/Frameworks";
				PRODUCT_NAME = "$(TARGET_NAME)";
				TEST_HOST = "$(BUILT_PRODUCTS_DIR)/PieceDiary.app/PieceDiary";
			};
			name = Debug;
		};
		654CC78A1BA07840002DF0C9 /* Release */ = {
			isa = XCBuildConfiguration;
			buildSettings = {
				BUNDLE_LOADER = "$(TEST_HOST)";
				FRAMEWORK_SEARCH_PATHS = (
					"$(SDKROOT)/Developer/Library/Frameworks",
					"$(inherited)",
				);
				INFOPLIST_FILE = PieceDiaryTests/Info.plist;
				LD_RUNPATH_SEARCH_PATHS = "$(inherited) @executable_path/Frameworks @loader_path/Frameworks";
				PRODUCT_NAME = "$(TARGET_NAME)";
				TEST_HOST = "$(BUILT_PRODUCTS_DIR)/PieceDiary.app/PieceDiary";
			};
			name = Release;
		};
/* End XCBuildConfiguration section */

/* Begin XCConfigurationList section */
		654CC75D1BA07840002DF0C9 /* Build configuration list for PBXProject "PieceDiary" */ = {
			isa = XCConfigurationList;
			buildConfigurations = (
				654CC7831BA07840002DF0C9 /* Debug */,
				654CC7841BA07840002DF0C9 /* Release */,
			);
			defaultConfigurationIsVisible = 0;
			defaultConfigurationName = Release;
		};
		654CC7851BA07840002DF0C9 /* Build configuration list for PBXNativeTarget "PieceDiary" */ = {
			isa = XCConfigurationList;
			buildConfigurations = (
				654CC7861BA07840002DF0C9 /* Debug */,
				654CC7871BA07840002DF0C9 /* Release */,
			);
			defaultConfigurationIsVisible = 0;
			defaultConfigurationName = Release;
		};
		654CC7881BA07840002DF0C9 /* Build configuration list for PBXNativeTarget "PieceDiaryTests" */ = {
			isa = XCConfigurationList;
			buildConfigurations = (
				654CC7891BA07840002DF0C9 /* Debug */,
				654CC78A1BA07840002DF0C9 /* Release */,
			);
			defaultConfigurationIsVisible = 0;
			defaultConfigurationName = Release;
		};
/* End XCConfigurationList section */
	};
	rootObject = 654CC75A1BA07840002DF0C9 /* Project object */;
}
